// !$*UTF8*$!
{
	archiveVersion = 1;
	classes = {
	};
	objectVersion = 51;
	objects = {

/* Begin PBXBuildFile section */
		0F598BEF24DC47F90075A8A2 /* GoogleService-Info.plist in Resources */ = {isa = PBXBuildFile; fileRef = 0F598BEE24DC47F90075A8A2 /* GoogleService-Info.plist */; };
		0F598BF224DDC5300075A8A2 /* Utilities.swift in Sources */ = {isa = PBXBuildFile; fileRef = 0F598BF124DDC5300075A8A2 /* Utilities.swift */; };
		0F598BF424DDC5710075A8A2 /* Constants.swift in Sources */ = {isa = PBXBuildFile; fileRef = 0F598BF324DDC5710075A8A2 /* Constants.swift */; };
		0F598BF824E23DE60075A8A2 /* SignUpViewController.swift in Sources */ = {isa = PBXBuildFile; fileRef = 0F598BF724E23DE60075A8A2 /* SignUpViewController.swift */; };
		0F9F5B8624DC201F00EE43F9 /* LoginViewController.swift in Sources */ = {isa = PBXBuildFile; fileRef = 0F9F5B8524DC201F00EE43F9 /* LoginViewController.swift */; };
		0F9F5B8824DC203000EE43F9 /* HomeViewController.swift in Sources */ = {isa = PBXBuildFile; fileRef = 0F9F5B8724DC203000EE43F9 /* HomeViewController.swift */; };
		49C1D78F3B7475E837D8531B /* Pods_think2Tests.framework in Frameworks */ = {isa = PBXBuildFile; fileRef = 59BF6FDBA93108F28EBA5DD5 /* Pods_think2Tests.framework */; };
		B8C199E8AF60D05686701FC6 /* Pods_think2.framework in Frameworks */ = {isa = PBXBuildFile; fileRef = 5549510510D3352630DCD4E0 /* Pods_think2.framework */; };
		CC75F89F08E1EA64A75F4EB2 /* Pods_think2_think2UITests.framework in Frameworks */ = {isa = PBXBuildFile; fileRef = 613BDCB69D5EAC15EB79A0C6 /* Pods_think2_think2UITests.framework */; };
		E971E76324C7969A00A8B416 /* AppDelegate.swift in Sources */ = {isa = PBXBuildFile; fileRef = E971E76224C7969A00A8B416 /* AppDelegate.swift */; };
		E971E76524C7969A00A8B416 /* SceneDelegate.swift in Sources */ = {isa = PBXBuildFile; fileRef = E971E76424C7969A00A8B416 /* SceneDelegate.swift */; };
		E971E76724C7969A00A8B416 /* ViewController.swift in Sources */ = {isa = PBXBuildFile; fileRef = E971E76624C7969A00A8B416 /* ViewController.swift */; };
		E971E76A24C7969A00A8B416 /* Main.storyboard in Resources */ = {isa = PBXBuildFile; fileRef = E971E76824C7969A00A8B416 /* Main.storyboard */; };
		E971E76D24C7969A00A8B416 /* think2.xcdatamodeld in Sources */ = {isa = PBXBuildFile; fileRef = E971E76B24C7969A00A8B416 /* think2.xcdatamodeld */; };
		E971E76F24C7969D00A8B416 /* Assets.xcassets in Resources */ = {isa = PBXBuildFile; fileRef = E971E76E24C7969D00A8B416 /* Assets.xcassets */; };
		E971E77224C7969D00A8B416 /* LaunchScreen.storyboard in Resources */ = {isa = PBXBuildFile; fileRef = E971E77024C7969D00A8B416 /* LaunchScreen.storyboard */; };
		E971E77D24C7969D00A8B416 /* think2Tests.swift in Sources */ = {isa = PBXBuildFile; fileRef = E971E77C24C7969D00A8B416 /* think2Tests.swift */; };
		E971E78824C7969D00A8B416 /* think2UITests.swift in Sources */ = {isa = PBXBuildFile; fileRef = E971E78724C7969D00A8B416 /* think2UITests.swift */; };
/* End PBXBuildFile section */

/* Begin PBXContainerItemProxy section */
		E971E77924C7969D00A8B416 /* PBXContainerItemProxy */ = {
			isa = PBXContainerItemProxy;
			containerPortal = E971E75724C7969A00A8B416 /* Project object */;
			proxyType = 1;
			remoteGlobalIDString = E971E75E24C7969A00A8B416;
			remoteInfo = think2;
		};
		E971E78424C7969D00A8B416 /* PBXContainerItemProxy */ = {
			isa = PBXContainerItemProxy;
			containerPortal = E971E75724C7969A00A8B416 /* Project object */;
			proxyType = 1;
			remoteGlobalIDString = E971E75E24C7969A00A8B416;
			remoteInfo = think2;
		};
/* End PBXContainerItemProxy section */

/* Begin PBXFileReference section */
		0B965B0DABEDA6BB923B2E1D /* Pods-think2Tests.release.xcconfig */ = {isa = PBXFileReference; includeInIndex = 1; lastKnownFileType = text.xcconfig; name = "Pods-think2Tests.release.xcconfig"; path = "Target Support Files/Pods-think2Tests/Pods-think2Tests.release.xcconfig"; sourceTree = "<group>"; };
		0F598BEE24DC47F90075A8A2 /* GoogleService-Info.plist */ = {isa = PBXFileReference; fileEncoding = 4; lastKnownFileType = text.plist.xml; path = "GoogleService-Info.plist"; sourceTree = "<group>"; };
		0F598BF124DDC5300075A8A2 /* Utilities.swift */ = {isa = PBXFileReference; lastKnownFileType = sourcecode.swift; path = Utilities.swift; sourceTree = "<group>"; };
		0F598BF324DDC5710075A8A2 /* Constants.swift */ = {isa = PBXFileReference; lastKnownFileType = sourcecode.swift; path = Constants.swift; sourceTree = "<group>"; };
		0F598BF724E23DE60075A8A2 /* SignUpViewController.swift */ = {isa = PBXFileReference; lastKnownFileType = sourcecode.swift; path = SignUpViewController.swift; sourceTree = "<group>"; };
		0F9F5B8524DC201F00EE43F9 /* LoginViewController.swift */ = {isa = PBXFileReference; lastKnownFileType = sourcecode.swift; path = LoginViewController.swift; sourceTree = "<group>"; };
		0F9F5B8724DC203000EE43F9 /* HomeViewController.swift */ = {isa = PBXFileReference; lastKnownFileType = sourcecode.swift; path = HomeViewController.swift; sourceTree = "<group>"; };
		25A6DEEEF26C93FD6F3CE782 /* Pods-think2.release.xcconfig */ = {isa = PBXFileReference; includeInIndex = 1; lastKnownFileType = text.xcconfig; name = "Pods-think2.release.xcconfig"; path = "Target Support Files/Pods-think2/Pods-think2.release.xcconfig"; sourceTree = "<group>"; };
		37038DD2D7C006944669A9A4 /* Pods-think2-think2UITests.release.xcconfig */ = {isa = PBXFileReference; includeInIndex = 1; lastKnownFileType = text.xcconfig; name = "Pods-think2-think2UITests.release.xcconfig"; path = "Target Support Files/Pods-think2-think2UITests/Pods-think2-think2UITests.release.xcconfig"; sourceTree = "<group>"; };
		5549510510D3352630DCD4E0 /* Pods_think2.framework */ = {isa = PBXFileReference; explicitFileType = wrapper.framework; includeInIndex = 0; path = Pods_think2.framework; sourceTree = BUILT_PRODUCTS_DIR; };
		59BF6FDBA93108F28EBA5DD5 /* Pods_think2Tests.framework */ = {isa = PBXFileReference; explicitFileType = wrapper.framework; includeInIndex = 0; path = Pods_think2Tests.framework; sourceTree = BUILT_PRODUCTS_DIR; };
		613BDCB69D5EAC15EB79A0C6 /* Pods_think2_think2UITests.framework */ = {isa = PBXFileReference; explicitFileType = wrapper.framework; includeInIndex = 0; path = Pods_think2_think2UITests.framework; sourceTree = BUILT_PRODUCTS_DIR; };
		6E521C0F13430465060B01F9 /* Pods-think2-think2UITests.debug.xcconfig */ = {isa = PBXFileReference; includeInIndex = 1; lastKnownFileType = text.xcconfig; name = "Pods-think2-think2UITests.debug.xcconfig"; path = "Target Support Files/Pods-think2-think2UITests/Pods-think2-think2UITests.debug.xcconfig"; sourceTree = "<group>"; };
		AED0F41412C94908D4BB4A67 /* Pods-think2Tests.debug.xcconfig */ = {isa = PBXFileReference; includeInIndex = 1; lastKnownFileType = text.xcconfig; name = "Pods-think2Tests.debug.xcconfig"; path = "Target Support Files/Pods-think2Tests/Pods-think2Tests.debug.xcconfig"; sourceTree = "<group>"; };
		DD77BDADD9C46F1783875204 /* Pods-think2.debug.xcconfig */ = {isa = PBXFileReference; includeInIndex = 1; lastKnownFileType = text.xcconfig; name = "Pods-think2.debug.xcconfig"; path = "Target Support Files/Pods-think2/Pods-think2.debug.xcconfig"; sourceTree = "<group>"; };
		E971E75F24C7969A00A8B416 /* ThinkInk.app */ = {isa = PBXFileReference; explicitFileType = wrapper.application; includeInIndex = 0; path = ThinkInk.app; sourceTree = BUILT_PRODUCTS_DIR; };
		E971E76224C7969A00A8B416 /* AppDelegate.swift */ = {isa = PBXFileReference; lastKnownFileType = sourcecode.swift; path = AppDelegate.swift; sourceTree = "<group>"; };
		E971E76424C7969A00A8B416 /* SceneDelegate.swift */ = {isa = PBXFileReference; lastKnownFileType = sourcecode.swift; path = SceneDelegate.swift; sourceTree = "<group>"; };
		E971E76624C7969A00A8B416 /* ViewController.swift */ = {isa = PBXFileReference; lastKnownFileType = sourcecode.swift; path = ViewController.swift; sourceTree = "<group>"; };
		E971E76924C7969A00A8B416 /* Base */ = {isa = PBXFileReference; lastKnownFileType = file.storyboard; name = Base; path = Base.lproj/Main.storyboard; sourceTree = "<group>"; };
		E971E76C24C7969A00A8B416 /* think2.xcdatamodel */ = {isa = PBXFileReference; lastKnownFileType = wrapper.xcdatamodel; path = think2.xcdatamodel; sourceTree = "<group>"; };
		E971E76E24C7969D00A8B416 /* Assets.xcassets */ = {isa = PBXFileReference; lastKnownFileType = folder.assetcatalog; path = Assets.xcassets; sourceTree = "<group>"; };
		E971E77124C7969D00A8B416 /* Base */ = {isa = PBXFileReference; lastKnownFileType = file.storyboard; name = Base; path = Base.lproj/LaunchScreen.storyboard; sourceTree = "<group>"; };
		E971E77324C7969D00A8B416 /* Info.plist */ = {isa = PBXFileReference; lastKnownFileType = text.plist.xml; path = Info.plist; sourceTree = "<group>"; };
		E971E77824C7969D00A8B416 /* think2Tests.xctest */ = {isa = PBXFileReference; explicitFileType = wrapper.cfbundle; includeInIndex = 0; path = think2Tests.xctest; sourceTree = BUILT_PRODUCTS_DIR; };
		E971E77C24C7969D00A8B416 /* think2Tests.swift */ = {isa = PBXFileReference; lastKnownFileType = sourcecode.swift; path = think2Tests.swift; sourceTree = "<group>"; };
		E971E77E24C7969D00A8B416 /* Info.plist */ = {isa = PBXFileReference; lastKnownFileType = text.plist.xml; path = Info.plist; sourceTree = "<group>"; };
		E971E78324C7969D00A8B416 /* think2UITests.xctest */ = {isa = PBXFileReference; explicitFileType = wrapper.cfbundle; includeInIndex = 0; path = think2UITests.xctest; sourceTree = BUILT_PRODUCTS_DIR; };
		E971E78724C7969D00A8B416 /* think2UITests.swift */ = {isa = PBXFileReference; lastKnownFileType = sourcecode.swift; path = think2UITests.swift; sourceTree = "<group>"; };
		E971E78924C7969D00A8B416 /* Info.plist */ = {isa = PBXFileReference; lastKnownFileType = text.plist.xml; path = Info.plist; sourceTree = "<group>"; };
/* End PBXFileReference section */

/* Begin PBXFrameworksBuildPhase section */
		E971E75C24C7969A00A8B416 /* Frameworks */ = {
			isa = PBXFrameworksBuildPhase;
			buildActionMask = 2147483647;
			files = (
				B8C199E8AF60D05686701FC6 /* Pods_think2.framework in Frameworks */,
			);
			runOnlyForDeploymentPostprocessing = 0;
		};
		E971E77524C7969D00A8B416 /* Frameworks */ = {
			isa = PBXFrameworksBuildPhase;
			buildActionMask = 2147483647;
			files = (
				49C1D78F3B7475E837D8531B /* Pods_think2Tests.framework in Frameworks */,
			);
			runOnlyForDeploymentPostprocessing = 0;
		};
		E971E78024C7969D00A8B416 /* Frameworks */ = {
			isa = PBXFrameworksBuildPhase;
			buildActionMask = 2147483647;
			files = (
				CC75F89F08E1EA64A75F4EB2 /* Pods_think2_think2UITests.framework in Frameworks */,
			);
			runOnlyForDeploymentPostprocessing = 0;
		};
/* End PBXFrameworksBuildPhase section */

/* Begin PBXGroup section */
		0F598BF024DDC4DC0075A8A2 /* Helper */ = {
			isa = PBXGroup;
			children = (
				0F598BF124DDC5300075A8A2 /* Utilities.swift */,
				0F598BF324DDC5710075A8A2 /* Constants.swift */,
			);
			path = Helper;
			sourceTree = "<group>";
		};
		0F9F5B8924DC204800EE43F9 /* View Controllers */ = {
			isa = PBXGroup;
			children = (
				0F9F5B8524DC201F00EE43F9 /* LoginViewController.swift */,
				0F9F5B8724DC203000EE43F9 /* HomeViewController.swift */,
				E971E76624C7969A00A8B416 /* ViewController.swift */,
				0F598BF724E23DE60075A8A2 /* SignUpViewController.swift */,
			);
			path = "View Controllers";
			sourceTree = "<group>";
		};
		25F7A783190966225B5F47FC /* Pods */ = {
			isa = PBXGroup;
			children = (
				DD77BDADD9C46F1783875204 /* Pods-think2.debug.xcconfig */,
				25A6DEEEF26C93FD6F3CE782 /* Pods-think2.release.xcconfig */,
				6E521C0F13430465060B01F9 /* Pods-think2-think2UITests.debug.xcconfig */,
				37038DD2D7C006944669A9A4 /* Pods-think2-think2UITests.release.xcconfig */,
				AED0F41412C94908D4BB4A67 /* Pods-think2Tests.debug.xcconfig */,
				0B965B0DABEDA6BB923B2E1D /* Pods-think2Tests.release.xcconfig */,
			);
			path = Pods;
			sourceTree = "<group>";
		};
		E971E75624C7969A00A8B416 = {
			isa = PBXGroup;
			children = (
				E971E76124C7969A00A8B416 /* think2 */,
				E971E77B24C7969D00A8B416 /* think2Tests */,
				E971E78624C7969D00A8B416 /* think2UITests */,
				E971E76024C7969A00A8B416 /* Products */,
				25F7A783190966225B5F47FC /* Pods */,
				F26AD4F6F678052FC69073FD /* Frameworks */,
			);
			sourceTree = "<group>";
		};
		E971E76024C7969A00A8B416 /* Products */ = {
			isa = PBXGroup;
			children = (
				E971E75F24C7969A00A8B416 /* ThinkInk.app */,
				E971E77824C7969D00A8B416 /* think2Tests.xctest */,
				E971E78324C7969D00A8B416 /* think2UITests.xctest */,
			);
			name = Products;
			sourceTree = "<group>";
		};
		E971E76124C7969A00A8B416 /* think2 */ = {
			isa = PBXGroup;
			children = (
				0F598BF024DDC4DC0075A8A2 /* Helper */,
				E971E76224C7969A00A8B416 /* AppDelegate.swift */,
				E971E76424C7969A00A8B416 /* SceneDelegate.swift */,
				0F9F5B8924DC204800EE43F9 /* View Controllers */,
				E971E76824C7969A00A8B416 /* Main.storyboard */,
				E971E76E24C7969D00A8B416 /* Assets.xcassets */,
				E971E77024C7969D00A8B416 /* LaunchScreen.storyboard */,
				E971E77324C7969D00A8B416 /* Info.plist */,
				0F598BEE24DC47F90075A8A2 /* GoogleService-Info.plist */,
				E971E76B24C7969A00A8B416 /* think2.xcdatamodeld */,
			);
			path = think2;
			sourceTree = "<group>";
		};
		E971E77B24C7969D00A8B416 /* think2Tests */ = {
			isa = PBXGroup;
			children = (
				E971E77C24C7969D00A8B416 /* think2Tests.swift */,
				E971E77E24C7969D00A8B416 /* Info.plist */,
			);
			path = think2Tests;
			sourceTree = "<group>";
		};
		E971E78624C7969D00A8B416 /* think2UITests */ = {
			isa = PBXGroup;
			children = (
				E971E78724C7969D00A8B416 /* think2UITests.swift */,
				E971E78924C7969D00A8B416 /* Info.plist */,
			);
			path = think2UITests;
			sourceTree = "<group>";
		};
		F26AD4F6F678052FC69073FD /* Frameworks */ = {
			isa = PBXGroup;
			children = (
				5549510510D3352630DCD4E0 /* Pods_think2.framework */,
				613BDCB69D5EAC15EB79A0C6 /* Pods_think2_think2UITests.framework */,
				59BF6FDBA93108F28EBA5DD5 /* Pods_think2Tests.framework */,
			);
			name = Frameworks;
			sourceTree = "<group>";
		};
/* End PBXGroup section */

/* Begin PBXNativeTarget section */
		E971E75E24C7969A00A8B416 /* think2 */ = {
			isa = PBXNativeTarget;
			buildConfigurationList = E971E78C24C7969D00A8B416 /* Build configuration list for PBXNativeTarget "think2" */;
			buildPhases = (
				858170F49C325C2C161D1E38 /* [CP] Check Pods Manifest.lock */,
				E971E75B24C7969A00A8B416 /* Sources */,
				E971E75C24C7969A00A8B416 /* Frameworks */,
				E971E75D24C7969A00A8B416 /* Resources */,
				1554192BCD1610D045990EF4 /* [CP] Embed Pods Frameworks */,
			);
			buildRules = (
			);
			dependencies = (
			);
			name = think2;
			productName = think2;
			productReference = E971E75F24C7969A00A8B416 /* ThinkInk.app */;
			productType = "com.apple.product-type.application";
		};
		E971E77724C7969D00A8B416 /* think2Tests */ = {
			isa = PBXNativeTarget;
			buildConfigurationList = E971E78F24C7969D00A8B416 /* Build configuration list for PBXNativeTarget "think2Tests" */;
			buildPhases = (
				2DB4E076E600EFAF2A1FF43E /* [CP] Check Pods Manifest.lock */,
				E971E77424C7969D00A8B416 /* Sources */,
				E971E77524C7969D00A8B416 /* Frameworks */,
				E971E77624C7969D00A8B416 /* Resources */,
			);
			buildRules = (
			);
			dependencies = (
				E971E77A24C7969D00A8B416 /* PBXTargetDependency */,
			);
			name = think2Tests;
			productName = think2Tests;
			productReference = E971E77824C7969D00A8B416 /* think2Tests.xctest */;
			productType = "com.apple.product-type.bundle.unit-test";
		};
		E971E78224C7969D00A8B416 /* think2UITests */ = {
			isa = PBXNativeTarget;
			buildConfigurationList = E971E79224C7969D00A8B416 /* Build configuration list for PBXNativeTarget "think2UITests" */;
			buildPhases = (
				A03AB53E65DE1C32A911BA32 /* [CP] Check Pods Manifest.lock */,
				E971E77F24C7969D00A8B416 /* Sources */,
				E971E78024C7969D00A8B416 /* Frameworks */,
				E971E78124C7969D00A8B416 /* Resources */,
				0A33BEEBEB943F69DE9BC308 /* [CP] Embed Pods Frameworks */,
			);
			buildRules = (
			);
			dependencies = (
				E971E78524C7969D00A8B416 /* PBXTargetDependency */,
			);
			name = think2UITests;
			productName = think2UITests;
			productReference = E971E78324C7969D00A8B416 /* think2UITests.xctest */;
			productType = "com.apple.product-type.bundle.ui-testing";
		};
/* End PBXNativeTarget section */

/* Begin PBXProject section */
		E971E75724C7969A00A8B416 /* Project object */ = {
			isa = PBXProject;
			attributes = {
				LastSwiftUpdateCheck = 1160;
				LastUpgradeCheck = 1160;
				ORGANIZATIONNAME = Udhay;
				TargetAttributes = {
					E971E75E24C7969A00A8B416 = {
						CreatedOnToolsVersion = 11.6;
					};
					E971E77724C7969D00A8B416 = {
						CreatedOnToolsVersion = 11.6;
						TestTargetID = E971E75E24C7969A00A8B416;
					};
					E971E78224C7969D00A8B416 = {
						CreatedOnToolsVersion = 11.6;
						TestTargetID = E971E75E24C7969A00A8B416;
					};
				};
			};
			buildConfigurationList = E971E75A24C7969A00A8B416 /* Build configuration list for PBXProject "think2" */;
			compatibilityVersion = "Xcode 9.3";
			developmentRegion = en;
			hasScannedForEncodings = 0;
			knownRegions = (
				en,
				Base,
			);
			mainGroup = E971E75624C7969A00A8B416;
			productRefGroup = E971E76024C7969A00A8B416 /* Products */;
			projectDirPath = "";
			projectRoot = "";
			targets = (
				E971E75E24C7969A00A8B416 /* think2 */,
				E971E77724C7969D00A8B416 /* think2Tests */,
				E971E78224C7969D00A8B416 /* think2UITests */,
			);
		};
/* End PBXProject section */

/* Begin PBXResourcesBuildPhase section */
		E971E75D24C7969A00A8B416 /* Resources */ = {
			isa = PBXResourcesBuildPhase;
			buildActionMask = 2147483647;
			files = (
				E971E77224C7969D00A8B416 /* LaunchScreen.storyboard in Resources */,
				0F598BEF24DC47F90075A8A2 /* GoogleService-Info.plist in Resources */,
				E971E76F24C7969D00A8B416 /* Assets.xcassets in Resources */,
				E971E76A24C7969A00A8B416 /* Main.storyboard in Resources */,
			);
			runOnlyForDeploymentPostprocessing = 0;
		};
		E971E77624C7969D00A8B416 /* Resources */ = {
			isa = PBXResourcesBuildPhase;
			buildActionMask = 2147483647;
			files = (
			);
			runOnlyForDeploymentPostprocessing = 0;
		};
		E971E78124C7969D00A8B416 /* Resources */ = {
			isa = PBXResourcesBuildPhase;
			buildActionMask = 2147483647;
			files = (
			);
			runOnlyForDeploymentPostprocessing = 0;
		};
/* End PBXResourcesBuildPhase section */

/* Begin PBXShellScriptBuildPhase section */
		0A33BEEBEB943F69DE9BC308 /* [CP] Embed Pods Frameworks */ = {
			isa = PBXShellScriptBuildPhase;
			buildActionMask = 2147483647;
			files = (
			);
			inputFileListPaths = (
				"${PODS_ROOT}/Target Support Files/Pods-think2-think2UITests/Pods-think2-think2UITests-frameworks-${CONFIGURATION}-input-files.xcfilelist",
			);
			name = "[CP] Embed Pods Frameworks";
			outputFileListPaths = (
				"${PODS_ROOT}/Target Support Files/Pods-think2-think2UITests/Pods-think2-think2UITests-frameworks-${CONFIGURATION}-output-files.xcfilelist",
			);
			runOnlyForDeploymentPostprocessing = 0;
			shellPath = /bin/sh;
			shellScript = "\"${PODS_ROOT}/Target Support Files/Pods-think2-think2UITests/Pods-think2-think2UITests-frameworks.sh\"\n";
			showEnvVarsInLog = 0;
		};
		1554192BCD1610D045990EF4 /* [CP] Embed Pods Frameworks */ = {
			isa = PBXShellScriptBuildPhase;
			buildActionMask = 2147483647;
			files = (
			);
			inputFileListPaths = (
				"${PODS_ROOT}/Target Support Files/Pods-think2/Pods-think2-frameworks-${CONFIGURATION}-input-files.xcfilelist",
			);
			name = "[CP] Embed Pods Frameworks";
			outputFileListPaths = (
				"${PODS_ROOT}/Target Support Files/Pods-think2/Pods-think2-frameworks-${CONFIGURATION}-output-files.xcfilelist",
			);
			runOnlyForDeploymentPostprocessing = 0;
			shellPath = /bin/sh;
			shellScript = "\"${PODS_ROOT}/Target Support Files/Pods-think2/Pods-think2-frameworks.sh\"\n";
			showEnvVarsInLog = 0;
		};
		2DB4E076E600EFAF2A1FF43E /* [CP] Check Pods Manifest.lock */ = {
			isa = PBXShellScriptBuildPhase;
			buildActionMask = 2147483647;
			files = (
			);
			inputFileListPaths = (
			);
			inputPaths = (
				"${PODS_PODFILE_DIR_PATH}/Podfile.lock",
				"${PODS_ROOT}/Manifest.lock",
			);
			name = "[CP] Check Pods Manifest.lock";
			outputFileListPaths = (
			);
			outputPaths = (
				"$(DERIVED_FILE_DIR)/Pods-think2Tests-checkManifestLockResult.txt",
			);
			runOnlyForDeploymentPostprocessing = 0;
			shellPath = /bin/sh;
			shellScript = "diff \"${PODS_PODFILE_DIR_PATH}/Podfile.lock\" \"${PODS_ROOT}/Manifest.lock\" > /dev/null\nif [ $? != 0 ] ; then\n    # print error to STDERR\n    echo \"error: The sandbox is not in sync with the Podfile.lock. Run 'pod install' or update your CocoaPods installation.\" >&2\n    exit 1\nfi\n# This output is used by Xcode 'outputs' to avoid re-running this script phase.\necho \"SUCCESS\" > \"${SCRIPT_OUTPUT_FILE_0}\"\n";
			showEnvVarsInLog = 0;
		};
		858170F49C325C2C161D1E38 /* [CP] Check Pods Manifest.lock */ = {
			isa = PBXShellScriptBuildPhase;
			buildActionMask = 2147483647;
			files = (
			);
			inputFileListPaths = (
			);
			inputPaths = (
				"${PODS_PODFILE_DIR_PATH}/Podfile.lock",
				"${PODS_ROOT}/Manifest.lock",
			);
			name = "[CP] Check Pods Manifest.lock";
			outputFileListPaths = (
			);
			outputPaths = (
				"$(DERIVED_FILE_DIR)/Pods-think2-checkManifestLockResult.txt",
			);
			runOnlyForDeploymentPostprocessing = 0;
			shellPath = /bin/sh;
			shellScript = "diff \"${PODS_PODFILE_DIR_PATH}/Podfile.lock\" \"${PODS_ROOT}/Manifest.lock\" > /dev/null\nif [ $? != 0 ] ; then\n    # print error to STDERR\n    echo \"error: The sandbox is not in sync with the Podfile.lock. Run 'pod install' or update your CocoaPods installation.\" >&2\n    exit 1\nfi\n# This output is used by Xcode 'outputs' to avoid re-running this script phase.\necho \"SUCCESS\" > \"${SCRIPT_OUTPUT_FILE_0}\"\n";
			showEnvVarsInLog = 0;
		};
		A03AB53E65DE1C32A911BA32 /* [CP] Check Pods Manifest.lock */ = {
			isa = PBXShellScriptBuildPhase;
			buildActionMask = 2147483647;
			files = (
			);
			inputFileListPaths = (
			);
			inputPaths = (
				"${PODS_PODFILE_DIR_PATH}/Podfile.lock",
				"${PODS_ROOT}/Manifest.lock",
			);
			name = "[CP] Check Pods Manifest.lock";
			outputFileListPaths = (
			);
			outputPaths = (
				"$(DERIVED_FILE_DIR)/Pods-think2-think2UITests-checkManifestLockResult.txt",
			);
			runOnlyForDeploymentPostprocessing = 0;
			shellPath = /bin/sh;
			shellScript = "diff \"${PODS_PODFILE_DIR_PATH}/Podfile.lock\" \"${PODS_ROOT}/Manifest.lock\" > /dev/null\nif [ $? != 0 ] ; then\n    # print error to STDERR\n    echo \"error: The sandbox is not in sync with the Podfile.lock. Run 'pod install' or update your CocoaPods installation.\" >&2\n    exit 1\nfi\n# This output is used by Xcode 'outputs' to avoid re-running this script phase.\necho \"SUCCESS\" > \"${SCRIPT_OUTPUT_FILE_0}\"\n";
			showEnvVarsInLog = 0;
		};
/* End PBXShellScriptBuildPhase section */

/* Begin PBXSourcesBuildPhase section */
		E971E75B24C7969A00A8B416 /* Sources */ = {
			isa = PBXSourcesBuildPhase;
			buildActionMask = 2147483647;
			files = (
				0F9F5B8624DC201F00EE43F9 /* LoginViewController.swift in Sources */,
				E971E76724C7969A00A8B416 /* ViewController.swift in Sources */,
				0F598BF424DDC5710075A8A2 /* Constants.swift in Sources */,
				E971E76324C7969A00A8B416 /* AppDelegate.swift in Sources */,
				E971E76524C7969A00A8B416 /* SceneDelegate.swift in Sources */,
				E971E76D24C7969A00A8B416 /* think2.xcdatamodeld in Sources */,
				0F598BF824E23DE60075A8A2 /* SignUpViewController.swift in Sources */,
				0F9F5B8824DC203000EE43F9 /* HomeViewController.swift in Sources */,
				0F598BF224DDC5300075A8A2 /* Utilities.swift in Sources */,
			);
			runOnlyForDeploymentPostprocessing = 0;
		};
		E971E77424C7969D00A8B416 /* Sources */ = {
			isa = PBXSourcesBuildPhase;
			buildActionMask = 2147483647;
			files = (
				E971E77D24C7969D00A8B416 /* think2Tests.swift in Sources */,
			);
			runOnlyForDeploymentPostprocessing = 0;
		};
		E971E77F24C7969D00A8B416 /* Sources */ = {
			isa = PBXSourcesBuildPhase;
			buildActionMask = 2147483647;
			files = (
				E971E78824C7969D00A8B416 /* think2UITests.swift in Sources */,
			);
			runOnlyForDeploymentPostprocessing = 0;
		};
/* End PBXSourcesBuildPhase section */

/* Begin PBXTargetDependency section */
		E971E77A24C7969D00A8B416 /* PBXTargetDependency */ = {
			isa = PBXTargetDependency;
			target = E971E75E24C7969A00A8B416 /* think2 */;
			targetProxy = E971E77924C7969D00A8B416 /* PBXContainerItemProxy */;
		};
		E971E78524C7969D00A8B416 /* PBXTargetDependency */ = {
			isa = PBXTargetDependency;
			target = E971E75E24C7969A00A8B416 /* think2 */;
			targetProxy = E971E78424C7969D00A8B416 /* PBXContainerItemProxy */;
		};
/* End PBXTargetDependency section */

/* Begin PBXVariantGroup section */
		E971E76824C7969A00A8B416 /* Main.storyboard */ = {
			isa = PBXVariantGroup;
			children = (
				E971E76924C7969A00A8B416 /* Base */,
			);
			name = Main.storyboard;
			sourceTree = "<group>";
		};
		E971E77024C7969D00A8B416 /* LaunchScreen.storyboard */ = {
			isa = PBXVariantGroup;
			children = (
				E971E77124C7969D00A8B416 /* Base */,
			);
			name = LaunchScreen.storyboard;
			sourceTree = "<group>";
		};
/* End PBXVariantGroup section */

/* Begin XCBuildConfiguration section */
		E971E78A24C7969D00A8B416 /* Debug */ = {
			isa = XCBuildConfiguration;
			buildSettings = {
				ALWAYS_SEARCH_USER_PATHS = NO;
				CLANG_ANALYZER_NONNULL = YES;
				CLANG_ANALYZER_NUMBER_OBJECT_CONVERSION = YES_AGGRESSIVE;
				CLANG_CXX_LANGUAGE_STANDARD = "gnu++14";
				CLANG_CXX_LIBRARY = "libc++";
				CLANG_ENABLE_MODULES = YES;
				CLANG_ENABLE_OBJC_ARC = YES;
				CLANG_ENABLE_OBJC_WEAK = YES;
				CLANG_WARN_BLOCK_CAPTURE_AUTORELEASING = YES;
				CLANG_WARN_BOOL_CONVERSION = YES;
				CLANG_WARN_COMMA = YES;
				CLANG_WARN_CONSTANT_CONVERSION = YES;
				CLANG_WARN_DEPRECATED_OBJC_IMPLEMENTATIONS = YES;
				CLANG_WARN_DIRECT_OBJC_ISA_USAGE = YES_ERROR;
				CLANG_WARN_DOCUMENTATION_COMMENTS = YES;
				CLANG_WARN_EMPTY_BODY = YES;
				CLANG_WARN_ENUM_CONVERSION = YES;
				CLANG_WARN_INFINITE_RECURSION = YES;
				CLANG_WARN_INT_CONVERSION = YES;
				CLANG_WARN_NON_LITERAL_NULL_CONVERSION = YES;
				CLANG_WARN_OBJC_IMPLICIT_RETAIN_SELF = YES;
				CLANG_WARN_OBJC_LITERAL_CONVERSION = YES;
				CLANG_WARN_OBJC_ROOT_CLASS = YES_ERROR;
				CLANG_WARN_RANGE_LOOP_ANALYSIS = YES;
				CLANG_WARN_STRICT_PROTOTYPES = YES;
				CLANG_WARN_SUSPICIOUS_MOVE = YES;
				CLANG_WARN_UNGUARDED_AVAILABILITY = YES_AGGRESSIVE;
				CLANG_WARN_UNREACHABLE_CODE = YES;
				CLANG_WARN__DUPLICATE_METHOD_MATCH = YES;
				COPY_PHASE_STRIP = NO;
				DEBUG_INFORMATION_FORMAT = dwarf;
				ENABLE_STRICT_OBJC_MSGSEND = YES;
				ENABLE_TESTABILITY = YES;
				GCC_C_LANGUAGE_STANDARD = gnu11;
				GCC_DYNAMIC_NO_PIC = NO;
				GCC_NO_COMMON_BLOCKS = YES;
				GCC_OPTIMIZATION_LEVEL = 0;
				GCC_PREPROCESSOR_DEFINITIONS = (
					"DEBUG=1",
					"$(inherited)",
				);
				GCC_WARN_64_TO_32_BIT_CONVERSION = YES;
				GCC_WARN_ABOUT_RETURN_TYPE = YES_ERROR;
				GCC_WARN_UNDECLARED_SELECTOR = YES;
				GCC_WARN_UNINITIALIZED_AUTOS = YES_AGGRESSIVE;
				GCC_WARN_UNUSED_FUNCTION = YES;
				GCC_WARN_UNUSED_VARIABLE = YES;
				IPHONEOS_DEPLOYMENT_TARGET = 13.6;
				MTL_ENABLE_DEBUG_INFO = INCLUDE_SOURCE;
				MTL_FAST_MATH = YES;
				ONLY_ACTIVE_ARCH = YES;
				SDKROOT = iphoneos;
				SWIFT_ACTIVE_COMPILATION_CONDITIONS = DEBUG;
				SWIFT_OPTIMIZATION_LEVEL = "-Onone";
			};
			name = Debug;
		};
		E971E78B24C7969D00A8B416 /* Release */ = {
			isa = XCBuildConfiguration;
			buildSettings = {
				ALWAYS_SEARCH_USER_PATHS = NO;
				CLANG_ANALYZER_NONNULL = YES;
				CLANG_ANALYZER_NUMBER_OBJECT_CONVERSION = YES_AGGRESSIVE;
				CLANG_CXX_LANGUAGE_STANDARD = "gnu++14";
				CLANG_CXX_LIBRARY = "libc++";
				CLANG_ENABLE_MODULES = YES;
				CLANG_ENABLE_OBJC_ARC = YES;
				CLANG_ENABLE_OBJC_WEAK = YES;
				CLANG_WARN_BLOCK_CAPTURE_AUTORELEASING = YES;
				CLANG_WARN_BOOL_CONVERSION = YES;
				CLANG_WARN_COMMA = YES;
				CLANG_WARN_CONSTANT_CONVERSION = YES;
				CLANG_WARN_DEPRECATED_OBJC_IMPLEMENTATIONS = YES;
				CLANG_WARN_DIRECT_OBJC_ISA_USAGE = YES_ERROR;
				CLANG_WARN_DOCUMENTATION_COMMENTS = YES;
				CLANG_WARN_EMPTY_BODY = YES;
				CLANG_WARN_ENUM_CONVERSION = YES;
				CLANG_WARN_INFINITE_RECURSION = YES;
				CLANG_WARN_INT_CONVERSION = YES;
				CLANG_WARN_NON_LITERAL_NULL_CONVERSION = YES;
				CLANG_WARN_OBJC_IMPLICIT_RETAIN_SELF = YES;
				CLANG_WARN_OBJC_LITERAL_CONVERSION = YES;
				CLANG_WARN_OBJC_ROOT_CLASS = YES_ERROR;
				CLANG_WARN_RANGE_LOOP_ANALYSIS = YES;
				CLANG_WARN_STRICT_PROTOTYPES = YES;
				CLANG_WARN_SUSPICIOUS_MOVE = YES;
				CLANG_WARN_UNGUARDED_AVAILABILITY = YES_AGGRESSIVE;
				CLANG_WARN_UNREACHABLE_CODE = YES;
				CLANG_WARN__DUPLICATE_METHOD_MATCH = YES;
				COPY_PHASE_STRIP = NO;
				DEBUG_INFORMATION_FORMAT = "dwarf-with-dsym";
				ENABLE_NS_ASSERTIONS = NO;
				ENABLE_STRICT_OBJC_MSGSEND = YES;
				GCC_C_LANGUAGE_STANDARD = gnu11;
				GCC_NO_COMMON_BLOCKS = YES;
				GCC_WARN_64_TO_32_BIT_CONVERSION = YES;
				GCC_WARN_ABOUT_RETURN_TYPE = YES_ERROR;
				GCC_WARN_UNDECLARED_SELECTOR = YES;
				GCC_WARN_UNINITIALIZED_AUTOS = YES_AGGRESSIVE;
				GCC_WARN_UNUSED_FUNCTION = YES;
				GCC_WARN_UNUSED_VARIABLE = YES;
				IPHONEOS_DEPLOYMENT_TARGET = 13.6;
				MTL_ENABLE_DEBUG_INFO = NO;
				MTL_FAST_MATH = YES;
				SDKROOT = iphoneos;
				SWIFT_COMPILATION_MODE = wholemodule;
				SWIFT_OPTIMIZATION_LEVEL = "-O";
				VALIDATE_PRODUCT = YES;
			};
			name = Release;
		};
		E971E78D24C7969D00A8B416 /* Debug */ = {
			isa = XCBuildConfiguration;
			baseConfigurationReference = DD77BDADD9C46F1783875204 /* Pods-think2.debug.xcconfig */;
			buildSettings = {
				ASSETCATALOG_COMPILER_APPICON_NAME = AppIcon;
				CODE_SIGN_STYLE = Automatic;
				DEVELOPMENT_TEAM = WAW38RG3LM;
				INFOPLIST_FILE = think2/Info.plist;
				LD_RUNPATH_SEARCH_PATHS = (
					"$(inherited)",
					"@executable_path/Frameworks",
				);
				PRODUCT_BUNDLE_IDENTIFIER = "UM-31.think2";
				PRODUCT_NAME = ThinkInk;
				SWIFT_VERSION = 5.0;
				TARGETED_DEVICE_FAMILY = "1,2";
			};
			name = Debug;
		};
		E971E78E24C7969D00A8B416 /* Release */ = {
			isa = XCBuildConfiguration;
			baseConfigurationReference = 25A6DEEEF26C93FD6F3CE782 /* Pods-think2.release.xcconfig */;
			buildSettings = {
				ASSETCATALOG_COMPILER_APPICON_NAME = AppIcon;
				CODE_SIGN_STYLE = Automatic;
				DEVELOPMENT_TEAM = WAW38RG3LM;
				INFOPLIST_FILE = think2/Info.plist;
				LD_RUNPATH_SEARCH_PATHS = (
					"$(inherited)",
					"@executable_path/Frameworks",
				);
				PRODUCT_BUNDLE_IDENTIFIER = "UM-31.think2";
				PRODUCT_NAME = ThinkInk;
				SWIFT_VERSION = 5.0;
				TARGETED_DEVICE_FAMILY = "1,2";
			};
			name = Release;
		};
		E971E79024C7969D00A8B416 /* Debug */ = {
			isa = XCBuildConfiguration;
			baseConfigurationReference = AED0F41412C94908D4BB4A67 /* Pods-think2Tests.debug.xcconfig */;
			buildSettings = {
				ALWAYS_EMBED_SWIFT_STANDARD_LIBRARIES = YES;
				BUNDLE_LOADER = "$(TEST_HOST)";
				CODE_SIGN_STYLE = Automatic;
				DEVELOPMENT_TEAM = WAW38RG3LM;
				INFOPLIST_FILE = think2Tests/Info.plist;
				IPHONEOS_DEPLOYMENT_TARGET = 13.6;
				LD_RUNPATH_SEARCH_PATHS = (
					"$(inherited)",
					"@executable_path/Frameworks",
					"@loader_path/Frameworks",
				);
				PRODUCT_BUNDLE_IDENTIFIER = "UM-31.think2Tests";
				PRODUCT_NAME = "$(TARGET_NAME)";
				SWIFT_VERSION = 5.0;
				TARGETED_DEVICE_FAMILY = "1,2";
				TEST_HOST = "$(BUILT_PRODUCTS_DIR)/think2.app/think2";
			};
			name = Debug;
		};
		E971E79124C7969D00A8B416 /* Release */ = {
			isa = XCBuildConfiguration;
			baseConfigurationReference = 0B965B0DABEDA6BB923B2E1D /* Pods-think2Tests.release.xcconfig */;
			buildSettings = {
				ALWAYS_EMBED_SWIFT_STANDARD_LIBRARIES = YES;
				BUNDLE_LOADER = "$(TEST_HOST)";
				CODE_SIGN_STYLE = Automatic;
				DEVELOPMENT_TEAM = WAW38RG3LM;
				INFOPLIST_FILE = think2Tests/Info.plist;
				IPHONEOS_DEPLOYMENT_TARGET = 13.6;
				LD_RUNPATH_SEARCH_PATHS = (
					"$(inherited)",
					"@executable_path/Frameworks",
					"@loader_path/Frameworks",
				);
				PRODUCT_BUNDLE_IDENTIFIER = "UM-31.think2Tests";
				PRODUCT_NAME = "$(TARGET_NAME)";
				SWIFT_VERSION = 5.0;
				TARGETED_DEVICE_FAMILY = "1,2";
				TEST_HOST = "$(BUILT_PRODUCTS_DIR)/think2.app/think2";
			};
			name = Release;
		};
		E971E79324C7969D00A8B416 /* Debug */ = {
			isa = XCBuildConfiguration;
			baseConfigurationReference = 6E521C0F13430465060B01F9 /* Pods-think2-think2UITests.debug.xcconfig */;
			buildSettings = {
				ALWAYS_EMBED_SWIFT_STANDARD_LIBRARIES = YES;
				CODE_SIGN_STYLE = Automatic;
				DEVELOPMENT_TEAM = WAW38RG3LM;
				INFOPLIST_FILE = think2UITests/Info.plist;
				LD_RUNPATH_SEARCH_PATHS = (
					"$(inherited)",
					"@executable_path/Frameworks",
					"@loader_path/Frameworks",
				);
				PRODUCT_BUNDLE_IDENTIFIER = "UM-31.think2UITests";
				PRODUCT_NAME = "$(TARGET_NAME)";
				SWIFT_VERSION = 5.0;
				TARGETED_DEVICE_FAMILY = "1,2";
				TEST_TARGET_NAME = think2;
			};
			name = Debug;
		};
		E971E79424C7969D00A8B416 /* Release */ = {
			isa = XCBuildConfiguration;
			baseConfigurationReference = 37038DD2D7C006944669A9A4 /* Pods-think2-think2UITests.release.xcconfig */;
			buildSettings = {
				ALWAYS_EMBED_SWIFT_STANDARD_LIBRARIES = YES;
				CODE_SIGN_STYLE = Automatic;
				DEVELOPMENT_TEAM = WAW38RG3LM;
				INFOPLIST_FILE = think2UITests/Info.plist;
				LD_RUNPATH_SEARCH_PATHS = (
					"$(inherited)",
					"@executable_path/Frameworks",
					"@loader_path/Frameworks",
				);
				PRODUCT_BUNDLE_IDENTIFIER = "UM-31.think2UITests";
				PRODUCT_NAME = "$(TARGET_NAME)";
				SWIFT_VERSION = 5.0;
				TARGETED_DEVICE_FAMILY = "1,2";
				TEST_TARGET_NAME = think2;
			};
			name = Release;
		};
/* End XCBuildConfiguration section */

/* Begin XCConfigurationList section */
		E971E75A24C7969A00A8B416 /* Build configuration list for PBXProject "think2" */ = {
			isa = XCConfigurationList;
			buildConfigurations = (
				E971E78A24C7969D00A8B416 /* Debug */,
				E971E78B24C7969D00A8B416 /* Release */,
			);
			defaultConfigurationIsVisible = 0;
			defaultConfigurationName = Release;
		};
		E971E78C24C7969D00A8B416 /* Build configuration list for PBXNativeTarget "think2" */ = {
			isa = XCConfigurationList;
			buildConfigurations = (
				E971E78D24C7969D00A8B416 /* Debug */,
				E971E78E24C7969D00A8B416 /* Release */,
			);
			defaultConfigurationIsVisible = 0;
			defaultConfigurationName = Release;
		};
		E971E78F24C7969D00A8B416 /* Build configuration list for PBXNativeTarget "think2Tests" */ = {
			isa = XCConfigurationList;
			buildConfigurations = (
				E971E79024C7969D00A8B416 /* Debug */,
				E971E79124C7969D00A8B416 /* Release */,
			);
			defaultConfigurationIsVisible = 0;
			defaultConfigurationName = Release;
		};
		E971E79224C7969D00A8B416 /* Build configuration list for PBXNativeTarget "think2UITests" */ = {
			isa = XCConfigurationList;
			buildConfigurations = (
				E971E79324C7969D00A8B416 /* Debug */,
				E971E79424C7969D00A8B416 /* Release */,
			);
			defaultConfigurationIsVisible = 0;
			defaultConfigurationName = Release;
		};
/* End XCConfigurationList section */

/* Begin XCVersionGroup section */
		E971E76B24C7969A00A8B416 /* think2.xcdatamodeld */ = {
			isa = XCVersionGroup;
			children = (
				E971E76C24C7969A00A8B416 /* think2.xcdatamodel */,
			);
			currentVersion = E971E76C24C7969A00A8B416 /* think2.xcdatamodel */;
			path = think2.xcdatamodeld;
			sourceTree = "<group>";
			versionGroupType = wrapper.xcdatamodel;
		};
/* End XCVersionGroup section */
	};
	rootObject = E971E75724C7969A00A8B416 /* Project object */;
}
